
Microsoft Visual Studio Solution File, Format Version 12.00
# Visual Studio Version 16
VisualStudioVersion = 16.0.30804.86
MinimumVisualStudioVersion = 10.0.40219.1
Project("{FAE04EC0-301F-11D3-BF4B-00C04F79EFBC}") = "SQL_DOTNET", "SQL_DOTNET\SQL_DOTNET.csproj", "{54C6D672-4D72-4946-9154-41F3EF231E96}"
EndProject
Global
	GlobalSection(SolutionConfigurationPlatforms) = preSolution
		Debug|Any CPU = Debug|Any CPU
		Release|Any CPU = Release|Any CPU
	EndGlobalSection
	GlobalSection(ProjectConfigurationPlatforms) = postSolution
		{54C6D672-4D72-4946-9154-41F3EF231E96}.Debug|Any CPU.ActiveCfg = Debug|Any CPU
		{54C6D672-4D72-4946-9154-41F3EF231E96}.Debug|Any CPU.Build.0 = Debug|Any CPU
		{54C6D672-4D72-4946-9154-41F3EF231E96}.Release|Any CPU.ActiveCfg = Release|Any CPU
		{54C6D672-4D72-4946-9154-41F3EF231E96}.Release|Any CPU.Build.0 = Release|Any CPU
	EndGlobalSection
	GlobalSection(SolutionProperties) = preSolution
		HideSolutionNode = FALSE
	EndGlobalSection
	GlobalSection(ExtensibilityGlobals) = postSolution
		SolutionGuid = {7CCC826D-10B8-427C-A65F-40C2081E616D}
	EndGlobalSection
EndGlobal
